// !$*UTF8*$!
{
	archiveVersion = 1;
	classes = {
	};
	objectVersion = 56;
	objects = {

/* Begin PBXBuildFile section */
		75325F0B2C2F0081002E5635 /* TimetonicChallengeApp.swift in Sources */ = {isa = PBXBuildFile; fileRef = 75325F0A2C2F0081002E5635 /* TimetonicChallengeApp.swift */; };
		75325F0D2C2F0081002E5635 /* LoginView.swift in Sources */ = {isa = PBXBuildFile; fileRef = 75325F0C2C2F0081002E5635 /* LoginView.swift */; };
		75325F0F2C2F0082002E5635 /* Assets.xcassets in Resources */ = {isa = PBXBuildFile; fileRef = 75325F0E2C2F0082002E5635 /* Assets.xcassets */; };
		75325F122C2F0082002E5635 /* Preview Assets.xcassets in Resources */ = {isa = PBXBuildFile; fileRef = 75325F112C2F0082002E5635 /* Preview Assets.xcassets */; };
		75325F1C2C2F0082002E5635 /* TimetonicChallengeTests.swift in Sources */ = {isa = PBXBuildFile; fileRef = 75325F1B2C2F0082002E5635 /* TimetonicChallengeTests.swift */; };
		75325F262C2F0082002E5635 /* TimetonicChallengeUITests.swift in Sources */ = {isa = PBXBuildFile; fileRef = 75325F252C2F0082002E5635 /* TimetonicChallengeUITests.swift */; };
		75325F282C2F0082002E5635 /* TimetonicChallengeUITestsLaunchTests.swift in Sources */ = {isa = PBXBuildFile; fileRef = 75325F272C2F0082002E5635 /* TimetonicChallengeUITestsLaunchTests.swift */; };
		75325F362C2F01D0002E5635 /* LoginViewModel.swift in Sources */ = {isa = PBXBuildFile; fileRef = 75325F352C2F01D0002E5635 /* LoginViewModel.swift */; };
		75325F392C2F0204002E5635 /* AuthServiceRepository.swift in Sources */ = {isa = PBXBuildFile; fileRef = 75325F382C2F0204002E5635 /* AuthServiceRepository.swift */; };
		75325F3C2C2F034F002E5635 /* AppKeyResponse.swift in Sources */ = {isa = PBXBuildFile; fileRef = 75325F3B2C2F034F002E5635 /* AppKeyResponse.swift */; };
		75325F3E2C2F04D2002E5635 /* AuthServiceFacade.swift in Sources */ = {isa = PBXBuildFile; fileRef = 75325F3D2C2F04D2002E5635 /* AuthServiceFacade.swift */; };
		75325F402C2F0E2D002E5635 /* ServiceError.swift in Sources */ = {isa = PBXBuildFile; fileRef = 75325F3F2C2F0E2D002E5635 /* ServiceError.swift */; };
		75325F422C2F12FD002E5635 /* ErrorResponse.swift in Sources */ = {isa = PBXBuildFile; fileRef = 75325F412C2F12FD002E5635 /* ErrorResponse.swift */; };
		75325F442C2F19B8002E5635 /* HttpMethod.swift in Sources */ = {isa = PBXBuildFile; fileRef = 75325F432C2F19B7002E5635 /* HttpMethod.swift */; };
		75325F462C2F5065002E5635 /* OauthKeyResponse.swift in Sources */ = {isa = PBXBuildFile; fileRef = 75325F452C2F5065002E5635 /* OauthKeyResponse.swift */; };
		75325F482C2F6566002E5635 /* SessKeyResponse.swift in Sources */ = {isa = PBXBuildFile; fileRef = 75325F472C2F6566002E5635 /* SessKeyResponse.swift */; };
		75325F4A2C2F74AC002E5635 /* LoginViewModelTests.swift in Sources */ = {isa = PBXBuildFile; fileRef = 75325F492C2F74AC002E5635 /* LoginViewModelTests.swift */; };
		75325F4C2C2F7622002E5635 /* AuthServiceRepositoryMock.swift in Sources */ = {isa = PBXBuildFile; fileRef = 75325F4B2C2F7622002E5635 /* AuthServiceRepositoryMock.swift */; };
		75325F502C2FB4C4002E5635 /* BookListView.swift in Sources */ = {isa = PBXBuildFile; fileRef = 75325F4E2C2F987B002E5635 /* BookListView.swift */; };
		75325F522C2FBD06002E5635 /* BookListResponse.swift in Sources */ = {isa = PBXBuildFile; fileRef = 75325F512C2FBD06002E5635 /* BookListResponse.swift */; };
		75325F542C2FBF1C002E5635 /* BookServiceRepository.swift in Sources */ = {isa = PBXBuildFile; fileRef = 75325F532C2FBF1C002E5635 /* BookServiceRepository.swift */; };
		75325F562C2FBFD8002E5635 /* BookServiceFacade.swift in Sources */ = {isa = PBXBuildFile; fileRef = 75325F552C2FBFD8002E5635 /* BookServiceFacade.swift */; };
		75325F582C2FC1A9002E5635 /* BookListViewModel.swift in Sources */ = {isa = PBXBuildFile; fileRef = 75325F572C2FC1A9002E5635 /* BookListViewModel.swift */; };
		75FF8A382C2FD6CD0091B71A /* BookListViewModelTests.swift in Sources */ = {isa = PBXBuildFile; fileRef = 75FF8A372C2FD6CD0091B71A /* BookListViewModelTests.swift */; };
		75FF8A3A2C2FD7880091B71A /* BookServiceRepositoryMock.swift in Sources */ = {isa = PBXBuildFile; fileRef = 75FF8A392C2FD7880091B71A /* BookServiceRepositoryMock.swift */; };
/* End PBXBuildFile section */

/* Begin PBXContainerItemProxy section */
		75325F182C2F0082002E5635 /* PBXContainerItemProxy */ = {
			isa = PBXContainerItemProxy;
			containerPortal = 75325EFF2C2F0081002E5635 /* Project object */;
			proxyType = 1;
			remoteGlobalIDString = 75325F062C2F0081002E5635;
			remoteInfo = TimetonicChallenge;
		};
		75325F222C2F0082002E5635 /* PBXContainerItemProxy */ = {
			isa = PBXContainerItemProxy;
			containerPortal = 75325EFF2C2F0081002E5635 /* Project object */;
			proxyType = 1;
			remoteGlobalIDString = 75325F062C2F0081002E5635;
			remoteInfo = TimetonicChallenge;
		};
/* End PBXContainerItemProxy section */

/* Begin PBXFileReference section */
		75325F072C2F0081002E5635 /* TimetonicChallenge.app */ = {isa = PBXFileReference; explicitFileType = wrapper.application; includeInIndex = 0; path = TimetonicChallenge.app; sourceTree = BUILT_PRODUCTS_DIR; };
		75325F0A2C2F0081002E5635 /* TimetonicChallengeApp.swift */ = {isa = PBXFileReference; lastKnownFileType = sourcecode.swift; path = TimetonicChallengeApp.swift; sourceTree = "<group>"; };
		75325F0C2C2F0081002E5635 /* LoginView.swift */ = {isa = PBXFileReference; lastKnownFileType = sourcecode.swift; path = LoginView.swift; sourceTree = "<group>"; };
		75325F0E2C2F0082002E5635 /* Assets.xcassets */ = {isa = PBXFileReference; lastKnownFileType = folder.assetcatalog; path = Assets.xcassets; sourceTree = "<group>"; };
		75325F112C2F0082002E5635 /* Preview Assets.xcassets */ = {isa = PBXFileReference; lastKnownFileType = folder.assetcatalog; path = "Preview Assets.xcassets"; sourceTree = "<group>"; };
		75325F172C2F0082002E5635 /* TimetonicChallengeTests.xctest */ = {isa = PBXFileReference; explicitFileType = wrapper.cfbundle; includeInIndex = 0; path = TimetonicChallengeTests.xctest; sourceTree = BUILT_PRODUCTS_DIR; };
		75325F1B2C2F0082002E5635 /* TimetonicChallengeTests.swift */ = {isa = PBXFileReference; lastKnownFileType = sourcecode.swift; path = TimetonicChallengeTests.swift; sourceTree = "<group>"; };
		75325F212C2F0082002E5635 /* TimetonicChallengeUITests.xctest */ = {isa = PBXFileReference; explicitFileType = wrapper.cfbundle; includeInIndex = 0; path = TimetonicChallengeUITests.xctest; sourceTree = BUILT_PRODUCTS_DIR; };
		75325F252C2F0082002E5635 /* TimetonicChallengeUITests.swift */ = {isa = PBXFileReference; lastKnownFileType = sourcecode.swift; path = TimetonicChallengeUITests.swift; sourceTree = "<group>"; };
		75325F272C2F0082002E5635 /* TimetonicChallengeUITestsLaunchTests.swift */ = {isa = PBXFileReference; lastKnownFileType = sourcecode.swift; path = TimetonicChallengeUITestsLaunchTests.swift; sourceTree = "<group>"; };
		75325F352C2F01D0002E5635 /* LoginViewModel.swift */ = {isa = PBXFileReference; lastKnownFileType = sourcecode.swift; path = LoginViewModel.swift; sourceTree = "<group>"; };
		75325F382C2F0204002E5635 /* AuthServiceRepository.swift */ = {isa = PBXFileReference; lastKnownFileType = sourcecode.swift; path = AuthServiceRepository.swift; sourceTree = "<group>"; };
		75325F3B2C2F034F002E5635 /* AppKeyResponse.swift */ = {isa = PBXFileReference; lastKnownFileType = sourcecode.swift; path = AppKeyResponse.swift; sourceTree = "<group>"; };
		75325F3D2C2F04D2002E5635 /* AuthServiceFacade.swift */ = {isa = PBXFileReference; lastKnownFileType = sourcecode.swift; path = AuthServiceFacade.swift; sourceTree = "<group>"; };
		75325F3F2C2F0E2D002E5635 /* ServiceError.swift */ = {isa = PBXFileReference; lastKnownFileType = sourcecode.swift; path = ServiceError.swift; sourceTree = "<group>"; };
		75325F412C2F12FD002E5635 /* ErrorResponse.swift */ = {isa = PBXFileReference; lastKnownFileType = sourcecode.swift; path = ErrorResponse.swift; sourceTree = "<group>"; };
		75325F432C2F19B7002E5635 /* HttpMethod.swift */ = {isa = PBXFileReference; lastKnownFileType = sourcecode.swift; path = HttpMethod.swift; sourceTree = "<group>"; };
		75325F452C2F5065002E5635 /* OauthKeyResponse.swift */ = {isa = PBXFileReference; lastKnownFileType = sourcecode.swift; path = OauthKeyResponse.swift; sourceTree = "<group>"; };
		75325F472C2F6566002E5635 /* SessKeyResponse.swift */ = {isa = PBXFileReference; lastKnownFileType = sourcecode.swift; path = SessKeyResponse.swift; sourceTree = "<group>"; };
		75325F492C2F74AC002E5635 /* LoginViewModelTests.swift */ = {isa = PBXFileReference; lastKnownFileType = sourcecode.swift; path = LoginViewModelTests.swift; sourceTree = "<group>"; };
		75325F4B2C2F7622002E5635 /* AuthServiceRepositoryMock.swift */ = {isa = PBXFileReference; lastKnownFileType = sourcecode.swift; path = AuthServiceRepositoryMock.swift; sourceTree = "<group>"; };
		75325F4E2C2F987B002E5635 /* BookListView.swift */ = {isa = PBXFileReference; lastKnownFileType = sourcecode.swift; path = BookListView.swift; sourceTree = "<group>"; };
		75325F512C2FBD06002E5635 /* BookListResponse.swift */ = {isa = PBXFileReference; lastKnownFileType = sourcecode.swift; path = BookListResponse.swift; sourceTree = "<group>"; };
		75325F532C2FBF1C002E5635 /* BookServiceRepository.swift */ = {isa = PBXFileReference; lastKnownFileType = sourcecode.swift; path = BookServiceRepository.swift; sourceTree = "<group>"; };
		75325F552C2FBFD8002E5635 /* BookServiceFacade.swift */ = {isa = PBXFileReference; lastKnownFileType = sourcecode.swift; path = BookServiceFacade.swift; sourceTree = "<group>"; };
		75325F572C2FC1A9002E5635 /* BookListViewModel.swift */ = {isa = PBXFileReference; lastKnownFileType = sourcecode.swift; path = BookListViewModel.swift; sourceTree = "<group>"; };
		75FF8A372C2FD6CD0091B71A /* BookListViewModelTests.swift */ = {isa = PBXFileReference; lastKnownFileType = sourcecode.swift; path = BookListViewModelTests.swift; sourceTree = "<group>"; };
		75FF8A392C2FD7880091B71A /* BookServiceRepositoryMock.swift */ = {isa = PBXFileReference; lastKnownFileType = sourcecode.swift; path = BookServiceRepositoryMock.swift; sourceTree = "<group>"; };
/* End PBXFileReference section */

/* Begin PBXFrameworksBuildPhase section */
		75325F042C2F0081002E5635 /* Frameworks */ = {
			isa = PBXFrameworksBuildPhase;
			buildActionMask = 2147483647;
			files = (
			);
			runOnlyForDeploymentPostprocessing = 0;
		};
		75325F142C2F0082002E5635 /* Frameworks */ = {
			isa = PBXFrameworksBuildPhase;
			buildActionMask = 2147483647;
			files = (
			);
			runOnlyForDeploymentPostprocessing = 0;
		};
		75325F1E2C2F0082002E5635 /* Frameworks */ = {
			isa = PBXFrameworksBuildPhase;
			buildActionMask = 2147483647;
			files = (
			);
			runOnlyForDeploymentPostprocessing = 0;
		};
/* End PBXFrameworksBuildPhase section */

/* Begin PBXGroup section */
		75325EFE2C2F0081002E5635 = {
			isa = PBXGroup;
			children = (
				75325F4D2C2F9851002E5635 /* Views */,
				75325F3A2C2F0227002E5635 /* Model */,
				75325F372C2F01F4002E5635 /* Service */,
				75325F342C2F01B8002E5635 /* ViewModel */,
				75325F092C2F0081002E5635 /* TimetonicChallenge */,
				75325F1A2C2F0082002E5635 /* TimetonicChallengeTests */,
				75325F242C2F0082002E5635 /* TimetonicChallengeUITests */,
				75325F082C2F0081002E5635 /* Products */,
			);
			sourceTree = "<group>";
		};
		75325F082C2F0081002E5635 /* Products */ = {
			isa = PBXGroup;
			children = (
				75325F072C2F0081002E5635 /* TimetonicChallenge.app */,
				75325F172C2F0082002E5635 /* TimetonicChallengeTests.xctest */,
				75325F212C2F0082002E5635 /* TimetonicChallengeUITests.xctest */,
			);
			name = Products;
			sourceTree = "<group>";
		};
		75325F092C2F0081002E5635 /* TimetonicChallenge */ = {
			isa = PBXGroup;
			children = (
				75325F0A2C2F0081002E5635 /* TimetonicChallengeApp.swift */,
				75325F0E2C2F0082002E5635 /* Assets.xcassets */,
				75325F102C2F0082002E5635 /* Preview Content */,
			);
			path = TimetonicChallenge;
			sourceTree = "<group>";
		};
		75325F102C2F0082002E5635 /* Preview Content */ = {
			isa = PBXGroup;
			children = (
				75325F112C2F0082002E5635 /* Preview Assets.xcassets */,
			);
			path = "Preview Content";
			sourceTree = "<group>";
		};
		75325F1A2C2F0082002E5635 /* TimetonicChallengeTests */ = {
			isa = PBXGroup;
			children = (
				75325F1B2C2F0082002E5635 /* TimetonicChallengeTests.swift */,
				75325F492C2F74AC002E5635 /* LoginViewModelTests.swift */,
				75325F4B2C2F7622002E5635 /* AuthServiceRepositoryMock.swift */,
				75FF8A372C2FD6CD0091B71A /* BookListViewModelTests.swift */,
				75FF8A392C2FD7880091B71A /* BookServiceRepositoryMock.swift */,
			);
			path = TimetonicChallengeTests;
			sourceTree = "<group>";
		};
		75325F242C2F0082002E5635 /* TimetonicChallengeUITests */ = {
			isa = PBXGroup;
			children = (
				75325F252C2F0082002E5635 /* TimetonicChallengeUITests.swift */,
				75325F272C2F0082002E5635 /* TimetonicChallengeUITestsLaunchTests.swift */,
			);
			path = TimetonicChallengeUITests;
			sourceTree = "<group>";
		};
		75325F342C2F01B8002E5635 /* ViewModel */ = {
			isa = PBXGroup;
			children = (
				75325F352C2F01D0002E5635 /* LoginViewModel.swift */,
				75325F572C2FC1A9002E5635 /* BookListViewModel.swift */,
			);
			path = ViewModel;
			sourceTree = "<group>";
		};
		75325F372C2F01F4002E5635 /* Service */ = {
			isa = PBXGroup;
			children = (
				75325F382C2F0204002E5635 /* AuthServiceRepository.swift */,
				75325F3D2C2F04D2002E5635 /* AuthServiceFacade.swift */,
				75325F3F2C2F0E2D002E5635 /* ServiceError.swift */,
				75325F432C2F19B7002E5635 /* HttpMethod.swift */,
				75325F532C2FBF1C002E5635 /* BookServiceRepository.swift */,
				75325F552C2FBFD8002E5635 /* BookServiceFacade.swift */,
			);
			path = Service;
			sourceTree = "<group>";
		};
		75325F3A2C2F0227002E5635 /* Model */ = {
			isa = PBXGroup;
			children = (
				75325F3B2C2F034F002E5635 /* AppKeyResponse.swift */,
				75325F412C2F12FD002E5635 /* ErrorResponse.swift */,
				75325F452C2F5065002E5635 /* OauthKeyResponse.swift */,
				75325F472C2F6566002E5635 /* SessKeyResponse.swift */,
				75325F512C2FBD06002E5635 /* BookListResponse.swift */,
			);
			path = Model;
			sourceTree = "<group>";
		};
		75325F4D2C2F9851002E5635 /* Views */ = {
			isa = PBXGroup;
			children = (
				75325F0C2C2F0081002E5635 /* LoginView.swift */,
				75325F4E2C2F987B002E5635 /* BookListView.swift */,
			);
			path = Views;
			sourceTree = "<group>";
		};
/* End PBXGroup section */

/* Begin PBXNativeTarget section */
		75325F062C2F0081002E5635 /* TimetonicChallenge */ = {
			isa = PBXNativeTarget;
			buildConfigurationList = 75325F2B2C2F0082002E5635 /* Build configuration list for PBXNativeTarget "TimetonicChallenge" */;
			buildPhases = (
				75325F032C2F0081002E5635 /* Sources */,
				75325F042C2F0081002E5635 /* Frameworks */,
				75325F052C2F0081002E5635 /* Resources */,
			);
			buildRules = (
			);
			dependencies = (
			);
			name = TimetonicChallenge;
			productName = TimetonicChallenge;
			productReference = 75325F072C2F0081002E5635 /* TimetonicChallenge.app */;
			productType = "com.apple.product-type.application";
		};
		75325F162C2F0082002E5635 /* TimetonicChallengeTests */ = {
			isa = PBXNativeTarget;
			buildConfigurationList = 75325F2E2C2F0082002E5635 /* Build configuration list for PBXNativeTarget "TimetonicChallengeTests" */;
			buildPhases = (
				75325F132C2F0082002E5635 /* Sources */,
				75325F142C2F0082002E5635 /* Frameworks */,
				75325F152C2F0082002E5635 /* Resources */,
			);
			buildRules = (
			);
			dependencies = (
				75325F192C2F0082002E5635 /* PBXTargetDependency */,
			);
			name = TimetonicChallengeTests;
			productName = TimetonicChallengeTests;
			productReference = 75325F172C2F0082002E5635 /* TimetonicChallengeTests.xctest */;
			productType = "com.apple.product-type.bundle.unit-test";
		};
		75325F202C2F0082002E5635 /* TimetonicChallengeUITests */ = {
			isa = PBXNativeTarget;
			buildConfigurationList = 75325F312C2F0082002E5635 /* Build configuration list for PBXNativeTarget "TimetonicChallengeUITests" */;
			buildPhases = (
				75325F1D2C2F0082002E5635 /* Sources */,
				75325F1E2C2F0082002E5635 /* Frameworks */,
				75325F1F2C2F0082002E5635 /* Resources */,
			);
			buildRules = (
			);
			dependencies = (
				75325F232C2F0082002E5635 /* PBXTargetDependency */,
			);
			name = TimetonicChallengeUITests;
			productName = TimetonicChallengeUITests;
			productReference = 75325F212C2F0082002E5635 /* TimetonicChallengeUITests.xctest */;
			productType = "com.apple.product-type.bundle.ui-testing";
		};
/* End PBXNativeTarget section */

/* Begin PBXProject section */
		75325EFF2C2F0081002E5635 /* Project object */ = {
			isa = PBXProject;
			attributes = {
				BuildIndependentTargetsInParallel = 1;
				LastSwiftUpdateCheck = 1530;
				LastUpgradeCheck = 1530;
				TargetAttributes = {
					75325F062C2F0081002E5635 = {
						CreatedOnToolsVersion = 15.3;
					};
					75325F162C2F0082002E5635 = {
						CreatedOnToolsVersion = 15.3;
						TestTargetID = 75325F062C2F0081002E5635;
					};
					75325F202C2F0082002E5635 = {
						CreatedOnToolsVersion = 15.3;
						TestTargetID = 75325F062C2F0081002E5635;
					};
				};
			};
			buildConfigurationList = 75325F022C2F0081002E5635 /* Build configuration list for PBXProject "TimetonicChallenge" */;
			compatibilityVersion = "Xcode 14.0";
			developmentRegion = en;
			hasScannedForEncodings = 0;
			knownRegions = (
				en,
				Base,
			);
			mainGroup = 75325EFE2C2F0081002E5635;
			productRefGroup = 75325F082C2F0081002E5635 /* Products */;
			projectDirPath = "";
			projectRoot = "";
			targets = (
				75325F062C2F0081002E5635 /* TimetonicChallenge */,
				75325F162C2F0082002E5635 /* TimetonicChallengeTests */,
				75325F202C2F0082002E5635 /* TimetonicChallengeUITests */,
			);
		};
/* End PBXProject section */

/* Begin PBXResourcesBuildPhase section */
		75325F052C2F0081002E5635 /* Resources */ = {
			isa = PBXResourcesBuildPhase;
			buildActionMask = 2147483647;
			files = (
				75325F122C2F0082002E5635 /* Preview Assets.xcassets in Resources */,
				75325F0F2C2F0082002E5635 /* Assets.xcassets in Resources */,
			);
			runOnlyForDeploymentPostprocessing = 0;
		};
		75325F152C2F0082002E5635 /* Resources */ = {
			isa = PBXResourcesBuildPhase;
			buildActionMask = 2147483647;
			files = (
			);
			runOnlyForDeploymentPostprocessing = 0;
		};
		75325F1F2C2F0082002E5635 /* Resources */ = {
			isa = PBXResourcesBuildPhase;
			buildActionMask = 2147483647;
			files = (
			);
			runOnlyForDeploymentPostprocessing = 0;
		};
/* End PBXResourcesBuildPhase section */

/* Begin PBXSourcesBuildPhase section */
		75325F032C2F0081002E5635 /* Sources */ = {
			isa = PBXSourcesBuildPhase;
			buildActionMask = 2147483647;
			files = (
				75325F3C2C2F034F002E5635 /* AppKeyResponse.swift in Sources */,
				75325F3E2C2F04D2002E5635 /* AuthServiceFacade.swift in Sources */,
				75325F0D2C2F0081002E5635 /* LoginView.swift in Sources */,
				75325F482C2F6566002E5635 /* SessKeyResponse.swift in Sources */,
				75325F0B2C2F0081002E5635 /* TimetonicChallengeApp.swift in Sources */,
				75325F582C2FC1A9002E5635 /* BookListViewModel.swift in Sources */,
				75325F442C2F19B8002E5635 /* HttpMethod.swift in Sources */,
				75325F362C2F01D0002E5635 /* LoginViewModel.swift in Sources */,
				75325F502C2FB4C4002E5635 /* BookListView.swift in Sources */,
				75325F402C2F0E2D002E5635 /* ServiceError.swift in Sources */,
				75325F562C2FBFD8002E5635 /* BookServiceFacade.swift in Sources */,
				75325F392C2F0204002E5635 /* AuthServiceRepository.swift in Sources */,
				75325F542C2FBF1C002E5635 /* BookServiceRepository.swift in Sources */,
				75325F462C2F5065002E5635 /* OauthKeyResponse.swift in Sources */,
				75325F522C2FBD06002E5635 /* BookListResponse.swift in Sources */,
				75325F422C2F12FD002E5635 /* ErrorResponse.swift in Sources */,
			);
			runOnlyForDeploymentPostprocessing = 0;
		};
		75325F132C2F0082002E5635 /* Sources */ = {
			isa = PBXSourcesBuildPhase;
			buildActionMask = 2147483647;
			files = (
				75325F4A2C2F74AC002E5635 /* LoginViewModelTests.swift in Sources */,
				75FF8A382C2FD6CD0091B71A /* BookListViewModelTests.swift in Sources */,
				75FF8A3A2C2FD7880091B71A /* BookServiceRepositoryMock.swift in Sources */,
				75325F4C2C2F7622002E5635 /* AuthServiceRepositoryMock.swift in Sources */,
				75325F1C2C2F0082002E5635 /* TimetonicChallengeTests.swift in Sources */,
			);
			runOnlyForDeploymentPostprocessing = 0;
		};
		75325F1D2C2F0082002E5635 /* Sources */ = {
			isa = PBXSourcesBuildPhase;
			buildActionMask = 2147483647;
			files = (
				75325F262C2F0082002E5635 /* TimetonicChallengeUITests.swift in Sources */,
				75325F282C2F0082002E5635 /* TimetonicChallengeUITestsLaunchTests.swift in Sources */,
			);
			runOnlyForDeploymentPostprocessing = 0;
		};
/* End PBXSourcesBuildPhase section */

/* Begin PBXTargetDependency section */
		75325F192C2F0082002E5635 /* PBXTargetDependency */ = {
			isa = PBXTargetDependency;
			target = 75325F062C2F0081002E5635 /* TimetonicChallenge */;
			targetProxy = 75325F182C2F0082002E5635 /* PBXContainerItemProxy */;
		};
		75325F232C2F0082002E5635 /* PBXTargetDependency */ = {
			isa = PBXTargetDependency;
			target = 75325F062C2F0081002E5635 /* TimetonicChallenge */;
			targetProxy = 75325F222C2F0082002E5635 /* PBXContainerItemProxy */;
		};
/* End PBXTargetDependency section */

/* Begin XCBuildConfiguration section */
		75325F292C2F0082002E5635 /* Debug */ = {
			isa = XCBuildConfiguration;
			buildSettings = {
				ALWAYS_SEARCH_USER_PATHS = NO;
				ASSETCATALOG_COMPILER_GENERATE_SWIFT_ASSET_SYMBOL_EXTENSIONS = YES;
				CLANG_ANALYZER_NONNULL = YES;
				CLANG_ANALYZER_NUMBER_OBJECT_CONVERSION = YES_AGGRESSIVE;
				CLANG_CXX_LANGUAGE_STANDARD = "gnu++20";
				CLANG_ENABLE_MODULES = YES;
				CLANG_ENABLE_OBJC_ARC = YES;
				CLANG_ENABLE_OBJC_WEAK = YES;
				CLANG_WARN_BLOCK_CAPTURE_AUTORELEASING = YES;
				CLANG_WARN_BOOL_CONVERSION = YES;
				CLANG_WARN_COMMA = YES;
				CLANG_WARN_CONSTANT_CONVERSION = YES;
				CLANG_WARN_DEPRECATED_OBJC_IMPLEMENTATIONS = YES;
				CLANG_WARN_DIRECT_OBJC_ISA_USAGE = YES_ERROR;
				CLANG_WARN_DOCUMENTATION_COMMENTS = YES;
				CLANG_WARN_EMPTY_BODY = YES;
				CLANG_WARN_ENUM_CONVERSION = YES;
				CLANG_WARN_INFINITE_RECURSION = YES;
				CLANG_WARN_INT_CONVERSION = YES;
				CLANG_WARN_NON_LITERAL_NULL_CONVERSION = YES;
				CLANG_WARN_OBJC_IMPLICIT_RETAIN_SELF = YES;
				CLANG_WARN_OBJC_LITERAL_CONVERSION = YES;
				CLANG_WARN_OBJC_ROOT_CLASS = YES_ERROR;
				CLANG_WARN_QUOTED_INCLUDE_IN_FRAMEWORK_HEADER = YES;
				CLANG_WARN_RANGE_LOOP_ANALYSIS = YES;
				CLANG_WARN_STRICT_PROTOTYPES = YES;
				CLANG_WARN_SUSPICIOUS_MOVE = YES;
				CLANG_WARN_UNGUARDED_AVAILABILITY = YES_AGGRESSIVE;
				CLANG_WARN_UNREACHABLE_CODE = YES;
				CLANG_WARN__DUPLICATE_METHOD_MATCH = YES;
				COPY_PHASE_STRIP = NO;
				DEBUG_INFORMATION_FORMAT = dwarf;
				ENABLE_STRICT_OBJC_MSGSEND = YES;
				ENABLE_TESTABILITY = YES;
				ENABLE_USER_SCRIPT_SANDBOXING = YES;
				GCC_C_LANGUAGE_STANDARD = gnu17;
				GCC_DYNAMIC_NO_PIC = NO;
				GCC_NO_COMMON_BLOCKS = YES;
				GCC_OPTIMIZATION_LEVEL = 0;
				GCC_PREPROCESSOR_DEFINITIONS = (
					"DEBUG=1",
					"$(inherited)",
				);
				GCC_WARN_64_TO_32_BIT_CONVERSION = YES;
				GCC_WARN_ABOUT_RETURN_TYPE = YES_ERROR;
				GCC_WARN_UNDECLARED_SELECTOR = YES;
				GCC_WARN_UNINITIALIZED_AUTOS = YES_AGGRESSIVE;
				GCC_WARN_UNUSED_FUNCTION = YES;
				GCC_WARN_UNUSED_VARIABLE = YES;
				IPHONEOS_DEPLOYMENT_TARGET = 17.4;
				LOCALIZATION_PREFERS_STRING_CATALOGS = YES;
				MTL_ENABLE_DEBUG_INFO = INCLUDE_SOURCE;
				MTL_FAST_MATH = YES;
				ONLY_ACTIVE_ARCH = YES;
				SDKROOT = iphoneos;
				SWIFT_ACTIVE_COMPILATION_CONDITIONS = "DEBUG $(inherited)";
				SWIFT_OPTIMIZATION_LEVEL = "-Onone";
			};
			name = Debug;
		};
		75325F2A2C2F0082002E5635 /* Release */ = {
			isa = XCBuildConfiguration;
			buildSettings = {
				ALWAYS_SEARCH_USER_PATHS = NO;
				ASSETCATALOG_COMPILER_GENERATE_SWIFT_ASSET_SYMBOL_EXTENSIONS = YES;
				CLANG_ANALYZER_NONNULL = YES;
				CLANG_ANALYZER_NUMBER_OBJECT_CONVERSION = YES_AGGRESSIVE;
				CLANG_CXX_LANGUAGE_STANDARD = "gnu++20";
				CLANG_ENABLE_MODULES = YES;
				CLANG_ENABLE_OBJC_ARC = YES;
				CLANG_ENABLE_OBJC_WEAK = YES;
				CLANG_WARN_BLOCK_CAPTURE_AUTORELEASING = YES;
				CLANG_WARN_BOOL_CONVERSION = YES;
				CLANG_WARN_COMMA = YES;
				CLANG_WARN_CONSTANT_CONVERSION = YES;
				CLANG_WARN_DEPRECATED_OBJC_IMPLEMENTATIONS = YES;
				CLANG_WARN_DIRECT_OBJC_ISA_USAGE = YES_ERROR;
				CLANG_WARN_DOCUMENTATION_COMMENTS = YES;
				CLANG_WARN_EMPTY_BODY = YES;
				CLANG_WARN_ENUM_CONVERSION = YES;
				CLANG_WARN_INFINITE_RECURSION = YES;
				CLANG_WARN_INT_CONVERSION = YES;
				CLANG_WARN_NON_LITERAL_NULL_CONVERSION = YES;
				CLANG_WARN_OBJC_IMPLICIT_RETAIN_SELF = YES;
				CLANG_WARN_OBJC_LITERAL_CONVERSION = YES;
				CLANG_WARN_OBJC_ROOT_CLASS = YES_ERROR;
				CLANG_WARN_QUOTED_INCLUDE_IN_FRAMEWORK_HEADER = YES;
				CLANG_WARN_RANGE_LOOP_ANALYSIS = YES;
				CLANG_WARN_STRICT_PROTOTYPES = YES;
				CLANG_WARN_SUSPICIOUS_MOVE = YES;
				CLANG_WARN_UNGUARDED_AVAILABILITY = YES_AGGRESSIVE;
				CLANG_WARN_UNREACHABLE_CODE = YES;
				CLANG_WARN__DUPLICATE_METHOD_MATCH = YES;
				COPY_PHASE_STRIP = NO;
				DEBUG_INFORMATION_FORMAT = "dwarf-with-dsym";
				ENABLE_NS_ASSERTIONS = NO;
				ENABLE_STRICT_OBJC_MSGSEND = YES;
				ENABLE_USER_SCRIPT_SANDBOXING = YES;
				GCC_C_LANGUAGE_STANDARD = gnu17;
				GCC_NO_COMMON_BLOCKS = YES;
				GCC_WARN_64_TO_32_BIT_CONVERSION = YES;
				GCC_WARN_ABOUT_RETURN_TYPE = YES_ERROR;
				GCC_WARN_UNDECLARED_SELECTOR = YES;
				GCC_WARN_UNINITIALIZED_AUTOS = YES_AGGRESSIVE;
				GCC_WARN_UNUSED_FUNCTION = YES;
				GCC_WARN_UNUSED_VARIABLE = YES;
				IPHONEOS_DEPLOYMENT_TARGET = 17.4;
				LOCALIZATION_PREFERS_STRING_CATALOGS = YES;
				MTL_ENABLE_DEBUG_INFO = NO;
				MTL_FAST_MATH = YES;
				SDKROOT = iphoneos;
				SWIFT_COMPILATION_MODE = wholemodule;
				VALIDATE_PRODUCT = YES;
			};
			name = Release;
		};
		75325F2C2C2F0082002E5635 /* Debug */ = {
			isa = XCBuildConfiguration;
			buildSettings = {
				ASSETCATALOG_COMPILER_APPICON_NAME = AppIcon;
				ASSETCATALOG_COMPILER_GLOBAL_ACCENT_COLOR_NAME = AccentColor;
				CODE_SIGN_STYLE = Automatic;
				CURRENT_PROJECT_VERSION = 1;
				DEVELOPMENT_ASSET_PATHS = "\"TimetonicChallenge/Preview Content\"";
				DEVELOPMENT_TEAM = QS8NP7Z934;
				ENABLE_PREVIEWS = YES;
				GENERATE_INFOPLIST_FILE = YES;
				INFOPLIST_KEY_UIApplicationSceneManifest_Generation = YES;
				INFOPLIST_KEY_UIApplicationSupportsIndirectInputEvents = YES;
				INFOPLIST_KEY_UILaunchScreen_Generation = YES;
				INFOPLIST_KEY_UISupportedInterfaceOrientations_iPad = "UIInterfaceOrientationPortrait UIInterfaceOrientationPortraitUpsideDown UIInterfaceOrientationLandscapeLeft UIInterfaceOrientationLandscapeRight";
				INFOPLIST_KEY_UISupportedInterfaceOrientations_iPhone = "UIInterfaceOrientationPortrait UIInterfaceOrientationLandscapeLeft UIInterfaceOrientationLandscapeRight";
				LD_RUNPATH_SEARCH_PATHS = (
					"$(inherited)",
					"@executable_path/Frameworks",
				);
				MARKETING_VERSION = 1.0;
				PRODUCT_BUNDLE_IDENTIFIER = com.carvajal.TimetonicChallenge;
				PRODUCT_NAME = "$(TARGET_NAME)";
				SWIFT_EMIT_LOC_STRINGS = YES;
				SWIFT_VERSION = 5.0;
				TARGETED_DEVICE_FAMILY = "1,2";
			};
			name = Debug;
		};
		75325F2D2C2F0082002E5635 /* Release */ = {
			isa = XCBuildConfiguration;
			buildSettings = {
				ASSETCATALOG_COMPILER_APPICON_NAME = AppIcon;
				ASSETCATALOG_COMPILER_GLOBAL_ACCENT_COLOR_NAME = AccentColor;
				CODE_SIGN_STYLE = Automatic;
				CURRENT_PROJECT_VERSION = 1;
				DEVELOPMENT_ASSET_PATHS = "\"TimetonicChallenge/Preview Content\"";
				DEVELOPMENT_TEAM = QS8NP7Z934;
				ENABLE_PREVIEWS = YES;
				GENERATE_INFOPLIST_FILE = YES;
				INFOPLIST_KEY_UIApplicationSceneManifest_Generation = YES;
				INFOPLIST_KEY_UIApplicationSupportsIndirectInputEvents = YES;
				INFOPLIST_KEY_UILaunchScreen_Generation = YES;
				INFOPLIST_KEY_UISupportedInterfaceOrientations_iPad = "UIInterfaceOrientationPortrait UIInterfaceOrientationPortraitUpsideDown UIInterfaceOrientationLandscapeLeft UIInterfaceOrientationLandscapeRight";
				INFOPLIST_KEY_UISupportedInterfaceOrientations_iPhone = "UIInterfaceOrientationPortrait UIInterfaceOrientationLandscapeLeft UIInterfaceOrientationLandscapeRight";
				LD_RUNPATH_SEARCH_PATHS = (
					"$(inherited)",
					"@executable_path/Frameworks",
				);
				MARKETING_VERSION = 1.0;
				PRODUCT_BUNDLE_IDENTIFIER = com.carvajal.TimetonicChallenge;
				PRODUCT_NAME = "$(TARGET_NAME)";
				SWIFT_EMIT_LOC_STRINGS = YES;
				SWIFT_VERSION = 5.0;
				TARGETED_DEVICE_FAMILY = "1,2";
			};
			name = Release;
		};
		75325F2F2C2F0082002E5635 /* Debug */ = {
			isa = XCBuildConfiguration;
			buildSettings = {
				ALWAYS_EMBED_SWIFT_STANDARD_LIBRARIES = YES;
				BUNDLE_LOADER = "$(TEST_HOST)";
				CODE_SIGN_STYLE = Automatic;
				CURRENT_PROJECT_VERSION = 1;
				DEVELOPMENT_TEAM = QS8NP7Z934;
				GENERATE_INFOPLIST_FILE = YES;
				IPHONEOS_DEPLOYMENT_TARGET = 17.4;
				MARKETING_VERSION = 1.0;
				PRODUCT_BUNDLE_IDENTIFIER = com.carvajal.TimetonicChallengeTests;
				PRODUCT_NAME = "$(TARGET_NAME)";
				SWIFT_EMIT_LOC_STRINGS = NO;
				SWIFT_VERSION = 5.0;
				TARGETED_DEVICE_FAMILY = "1,2";
				TEST_HOST = "$(BUILT_PRODUCTS_DIR)/TimetonicChallenge.app/$(BUNDLE_EXECUTABLE_FOLDER_PATH)/TimetonicChallenge";
			};
			name = Debug;
		};
		75325F302C2F0082002E5635 /* Release */ = {
			isa = XCBuildConfiguration;
			buildSettings = {
				ALWAYS_EMBED_SWIFT_STANDARD_LIBRARIES = YES;
				BUNDLE_LOADER = "$(TEST_HOST)";
				CODE_SIGN_STYLE = Automatic;
				CURRENT_PROJECT_VERSION = 1;
				DEVELOPMENT_TEAM = QS8NP7Z934;
				GENERATE_INFOPLIST_FILE = YES;
				IPHONEOS_DEPLOYMENT_TARGET = 17.4;
				MARKETING_VERSION = 1.0;
				PRODUCT_BUNDLE_IDENTIFIER = com.carvajal.TimetonicChallengeTests;
				PRODUCT_NAME = "$(TARGET_NAME)";
				SWIFT_EMIT_LOC_STRINGS = NO;
				SWIFT_VERSION = 5.0;
				TARGETED_DEVICE_FAMILY = "1,2";
				TEST_HOST = "$(BUILT_PRODUCTS_DIR)/TimetonicChallenge.app/$(BUNDLE_EXECUTABLE_FOLDER_PATH)/TimetonicChallenge";
			};
			name = Release;
		};
		75325F322C2F0082002E5635 /* Debug */ = {
			isa = XCBuildConfiguration;
			buildSettings = {
				ALWAYS_EMBED_SWIFT_STANDARD_LIBRARIES = YES;
				CODE_SIGN_STYLE = Automatic;
				CURRENT_PROJECT_VERSION = 1;
				DEVELOPMENT_TEAM = QS8NP7Z934;
				GENERATE_INFOPLIST_FILE = YES;
				MARKETING_VERSION = 1.0;
				PRODUCT_BUNDLE_IDENTIFIER = com.carvajal.TimetonicChallengeUITests;
				PRODUCT_NAME = "$(TARGET_NAME)";
				SWIFT_EMIT_LOC_STRINGS = NO;
				SWIFT_VERSION = 5.0;
				TARGETED_DEVICE_FAMILY = "1,2";
				TEST_TARGET_NAME = TimetonicChallenge;
			};
			name = Debug;
		};
		75325F332C2F0082002E5635 /* Release */ = {
			isa = XCBuildConfiguration;
			buildSettings = {
				ALWAYS_EMBED_SWIFT_STANDARD_LIBRARIES = YES;
				CODE_SIGN_STYLE = Automatic;
				CURRENT_PROJECT_VERSION = 1;
				DEVELOPMENT_TEAM = QS8NP7Z934;
				GENERATE_INFOPLIST_FILE = YES;
				MARKETING_VERSION = 1.0;
				PRODUCT_BUNDLE_IDENTIFIER = com.carvajal.TimetonicChallengeUITests;
				PRODUCT_NAME = "$(TARGET_NAME)";
				SWIFT_EMIT_LOC_STRINGS = NO;
				SWIFT_VERSION = 5.0;
				TARGETED_DEVICE_FAMILY = "1,2";
				TEST_TARGET_NAME = TimetonicChallenge;
			};
			name = Release;
		};
/* End XCBuildConfiguration section */

/* Begin XCConfigurationList section */
		75325F022C2F0081002E5635 /* Build configuration list for PBXProject "TimetonicChallenge" */ = {
			isa = XCConfigurationList;
			buildConfigurations = (
				75325F292C2F0082002E5635 /* Debug */,
				75325F2A2C2F0082002E5635 /* Release */,
			);
			defaultConfigurationIsVisible = 0;
			defaultConfigurationName = Release;
		};
		75325F2B2C2F0082002E5635 /* Build configuration list for PBXNativeTarget "TimetonicChallenge" */ = {
			isa = XCConfigurationList;
			buildConfigurations = (
				75325F2C2C2F0082002E5635 /* Debug */,
				75325F2D2C2F0082002E5635 /* Release */,
			);
			defaultConfigurationIsVisible = 0;
			defaultConfigurationName = Release;
		};
		75325F2E2C2F0082002E5635 /* Build configuration list for PBXNativeTarget "TimetonicChallengeTests" */ = {
			isa = XCConfigurationList;
			buildConfigurations = (
				75325F2F2C2F0082002E5635 /* Debug */,
				75325F302C2F0082002E5635 /* Release */,
			);
			defaultConfigurationIsVisible = 0;
			defaultConfigurationName = Release;
		};
		75325F312C2F0082002E5635 /* Build configuration list for PBXNativeTarget "TimetonicChallengeUITests" */ = {
			isa = XCConfigurationList;
			buildConfigurations = (
				75325F322C2F0082002E5635 /* Debug */,
				75325F332C2F0082002E5635 /* Release */,
			);
			defaultConfigurationIsVisible = 0;
			defaultConfigurationName = Release;
		};
/* End XCConfigurationList section */
	};
	rootObject = 75325EFF2C2F0081002E5635 /* Project object */;
}
